// !$*UTF8*$!
{
	archiveVersion = 1;
	classes = {
	};
	objectVersion = 50;
	objects = {

/* Begin PBXBuildFile section */
		E7098AC52427C4E40033C470 /* Post.swift in Sources */ = {isa = PBXBuildFile; fileRef = E7098AC42427C4E40033C470 /* Post.swift */; };
		E7098AC9242980A50033C470 /* PostDetailView.swift in Sources */ = {isa = PBXBuildFile; fileRef = E7098AC8242980A50033C470 /* PostDetailView.swift */; };
		E7098ACB242995BA0033C470 /* ImagePreviewerView.swift in Sources */ = {isa = PBXBuildFile; fileRef = E7098ACA242995BA0033C470 /* ImagePreviewerView.swift */; };
		E7336ECB2426CAAF006BD884 /* AppDelegate.swift in Sources */ = {isa = PBXBuildFile; fileRef = E7336ECA2426CAAF006BD884 /* AppDelegate.swift */; };
		E7336ECD2426CAAF006BD884 /* SceneDelegate.swift in Sources */ = {isa = PBXBuildFile; fileRef = E7336ECC2426CAAF006BD884 /* SceneDelegate.swift */; };
		E7336ECF2426CAAF006BD884 /* ContentView.swift in Sources */ = {isa = PBXBuildFile; fileRef = E7336ECE2426CAAF006BD884 /* ContentView.swift */; };
		E7336ED12426CAB1006BD884 /* Assets.xcassets in Resources */ = {isa = PBXBuildFile; fileRef = E7336ED02426CAB1006BD884 /* Assets.xcassets */; };
		E7336ED42426CAB1006BD884 /* Preview Assets.xcassets in Resources */ = {isa = PBXBuildFile; fileRef = E7336ED32426CAB1006BD884 /* Preview Assets.xcassets */; };
		E7336ED72426CAB1006BD884 /* LaunchScreen.storyboard in Resources */ = {isa = PBXBuildFile; fileRef = E7336ED52426CAB1006BD884 /* LaunchScreen.storyboard */; };
		E7336EE22426CAB1006BD884 /* Reddit_PS_BattlesTests.swift in Sources */ = {isa = PBXBuildFile; fileRef = E7336EE12426CAB1006BD884 /* Reddit_PS_BattlesTests.swift */; };
		E7336EED2426CAB1006BD884 /* Reddit_PS_BattlesUITests.swift in Sources */ = {isa = PBXBuildFile; fileRef = E7336EEC2426CAB1006BD884 /* Reddit_PS_BattlesUITests.swift */; };
/* End PBXBuildFile section */

/* Begin PBXContainerItemProxy section */
		E7336EDE2426CAB1006BD884 /* PBXContainerItemProxy */ = {
			isa = PBXContainerItemProxy;
			containerPortal = E7336EBF2426CAAF006BD884 /* Project object */;
			proxyType = 1;
			remoteGlobalIDString = E7336EC62426CAAF006BD884;
			remoteInfo = "Reddit PS Battles";
		};
		E7336EE92426CAB1006BD884 /* PBXContainerItemProxy */ = {
			isa = PBXContainerItemProxy;
			containerPortal = E7336EBF2426CAAF006BD884 /* Project object */;
			proxyType = 1;
			remoteGlobalIDString = E7336EC62426CAAF006BD884;
			remoteInfo = "Reddit PS Battles";
		};
/* End PBXContainerItemProxy section */

/* Begin PBXFileReference section */
		E7098AC42427C4E40033C470 /* Post.swift */ = {isa = PBXFileReference; lastKnownFileType = sourcecode.swift; path = Post.swift; sourceTree = "<group>"; };
		E7098AC8242980A50033C470 /* PostDetailView.swift */ = {isa = PBXFileReference; lastKnownFileType = sourcecode.swift; path = PostDetailView.swift; sourceTree = "<group>"; };
		E7098ACA242995BA0033C470 /* ImagePreviewerView.swift */ = {isa = PBXFileReference; lastKnownFileType = sourcecode.swift; path = ImagePreviewerView.swift; sourceTree = "<group>"; };
		E7336EC72426CAAF006BD884 /* Reddit PS Battles.app */ = {isa = PBXFileReference; explicitFileType = wrapper.application; includeInIndex = 0; path = "Reddit PS Battles.app"; sourceTree = BUILT_PRODUCTS_DIR; };
		E7336ECA2426CAAF006BD884 /* AppDelegate.swift */ = {isa = PBXFileReference; lastKnownFileType = sourcecode.swift; path = AppDelegate.swift; sourceTree = "<group>"; };
		E7336ECC2426CAAF006BD884 /* SceneDelegate.swift */ = {isa = PBXFileReference; lastKnownFileType = sourcecode.swift; path = SceneDelegate.swift; sourceTree = "<group>"; };
		E7336ECE2426CAAF006BD884 /* ContentView.swift */ = {isa = PBXFileReference; lastKnownFileType = sourcecode.swift; path = ContentView.swift; sourceTree = "<group>"; };
		E7336ED02426CAB1006BD884 /* Assets.xcassets */ = {isa = PBXFileReference; lastKnownFileType = folder.assetcatalog; path = Assets.xcassets; sourceTree = "<group>"; };
		E7336ED32426CAB1006BD884 /* Preview Assets.xcassets */ = {isa = PBXFileReference; lastKnownFileType = folder.assetcatalog; path = "Preview Assets.xcassets"; sourceTree = "<group>"; };
		E7336ED62426CAB1006BD884 /* Base */ = {isa = PBXFileReference; lastKnownFileType = file.storyboard; name = Base; path = Base.lproj/LaunchScreen.storyboard; sourceTree = "<group>"; };
		E7336ED82426CAB1006BD884 /* Info.plist */ = {isa = PBXFileReference; lastKnownFileType = text.plist.xml; path = Info.plist; sourceTree = "<group>"; };
		E7336EDD2426CAB1006BD884 /* Reddit PS BattlesTests.xctest */ = {isa = PBXFileReference; explicitFileType = wrapper.cfbundle; includeInIndex = 0; path = "Reddit PS BattlesTests.xctest"; sourceTree = BUILT_PRODUCTS_DIR; };
		E7336EE12426CAB1006BD884 /* Reddit_PS_BattlesTests.swift */ = {isa = PBXFileReference; lastKnownFileType = sourcecode.swift; path = Reddit_PS_BattlesTests.swift; sourceTree = "<group>"; };
		E7336EE32426CAB1006BD884 /* Info.plist */ = {isa = PBXFileReference; lastKnownFileType = text.plist.xml; path = Info.plist; sourceTree = "<group>"; };
		E7336EE82426CAB1006BD884 /* Reddit PS BattlesUITests.xctest */ = {isa = PBXFileReference; explicitFileType = wrapper.cfbundle; includeInIndex = 0; path = "Reddit PS BattlesUITests.xctest"; sourceTree = BUILT_PRODUCTS_DIR; };
		E7336EEC2426CAB1006BD884 /* Reddit_PS_BattlesUITests.swift */ = {isa = PBXFileReference; lastKnownFileType = sourcecode.swift; path = Reddit_PS_BattlesUITests.swift; sourceTree = "<group>"; };
		E7336EEE2426CAB1006BD884 /* Info.plist */ = {isa = PBXFileReference; lastKnownFileType = text.plist.xml; path = Info.plist; sourceTree = "<group>"; };
/* End PBXFileReference section */

/* Begin PBXFrameworksBuildPhase section */
		E7336EC42426CAAF006BD884 /* Frameworks */ = {
			isa = PBXFrameworksBuildPhase;
			buildActionMask = 2147483647;
			files = (
			);
			runOnlyForDeploymentPostprocessing = 0;
		};
		E7336EDA2426CAB1006BD884 /* Frameworks */ = {
			isa = PBXFrameworksBuildPhase;
			buildActionMask = 2147483647;
			files = (
			);
			runOnlyForDeploymentPostprocessing = 0;
		};
		E7336EE52426CAB1006BD884 /* Frameworks */ = {
			isa = PBXFrameworksBuildPhase;
			buildActionMask = 2147483647;
			files = (
			);
			runOnlyForDeploymentPostprocessing = 0;
		};
/* End PBXFrameworksBuildPhase section */

/* Begin PBXGroup section */
		E7098AC32427C4C90033C470 /* Models */ = {
			isa = PBXGroup;
			children = (
				E7098AC42427C4E40033C470 /* Post.swift */,
			);
			path = Models;
			sourceTree = "<group>";
		};
		E7336EBE2426CAAF006BD884 = {
			isa = PBXGroup;
			children = (
				E7336EC92426CAAF006BD884 /* Reddit PS Battles */,
				E7336EE02426CAB1006BD884 /* Reddit PS BattlesTests */,
				E7336EEB2426CAB1006BD884 /* Reddit PS BattlesUITests */,
				E7336EC82426CAAF006BD884 /* Products */,
			);
			sourceTree = "<group>";
		};
		E7336EC82426CAAF006BD884 /* Products */ = {
			isa = PBXGroup;
			children = (
				E7336EC72426CAAF006BD884 /* Reddit PS Battles.app */,
				E7336EDD2426CAB1006BD884 /* Reddit PS BattlesTests.xctest */,
				E7336EE82426CAB1006BD884 /* Reddit PS BattlesUITests.xctest */,
			);
			name = Products;
			sourceTree = "<group>";
		};
		E7336EC92426CAAF006BD884 /* Reddit PS Battles */ = {
			isa = PBXGroup;
			children = (
				E7098AC32427C4C90033C470 /* Models */,
				E7336ECA2426CAAF006BD884 /* AppDelegate.swift */,
				E7336ECC2426CAAF006BD884 /* SceneDelegate.swift */,
				E7336ECE2426CAAF006BD884 /* ContentView.swift */,
				E7336ED02426CAB1006BD884 /* Assets.xcassets */,
				E7336ED52426CAB1006BD884 /* LaunchScreen.storyboard */,
				E7336ED82426CAB1006BD884 /* Info.plist */,
				E7336ED22426CAB1006BD884 /* Preview Content */,
				E7098AC8242980A50033C470 /* PostDetailView.swift */,
				E7098ACA242995BA0033C470 /* ImagePreviewerView.swift */,
			);
			path = "Reddit PS Battles";
			sourceTree = "<group>";
		};
		E7336ED22426CAB1006BD884 /* Preview Content */ = {
			isa = PBXGroup;
			children = (
				E7336ED32426CAB1006BD884 /* Preview Assets.xcassets */,
			);
			path = "Preview Content";
			sourceTree = "<group>";
		};
		E7336EE02426CAB1006BD884 /* Reddit PS BattlesTests */ = {
			isa = PBXGroup;
			children = (
				E7336EE12426CAB1006BD884 /* Reddit_PS_BattlesTests.swift */,
				E7336EE32426CAB1006BD884 /* Info.plist */,
			);
			path = "Reddit PS BattlesTests";
			sourceTree = "<group>";
		};
		E7336EEB2426CAB1006BD884 /* Reddit PS BattlesUITests */ = {
			isa = PBXGroup;
			children = (
				E7336EEC2426CAB1006BD884 /* Reddit_PS_BattlesUITests.swift */,
				E7336EEE2426CAB1006BD884 /* Info.plist */,
			);
			path = "Reddit PS BattlesUITests";
			sourceTree = "<group>";
		};
/* End PBXGroup section */

/* Begin PBXNativeTarget section */
		E7336EC62426CAAF006BD884 /* Reddit PS Battles */ = {
			isa = PBXNativeTarget;
			buildConfigurationList = E7336EF12426CAB1006BD884 /* Build configuration list for PBXNativeTarget "Reddit PS Battles" */;
			buildPhases = (
				E7336EC32426CAAF006BD884 /* Sources */,
				E7336EC42426CAAF006BD884 /* Frameworks */,
				E7336EC52426CAAF006BD884 /* Resources */,
			);
			buildRules = (
			);
			dependencies = (
			);
			name = "Reddit PS Battles";
			productName = "Reddit PS Battles";
			productReference = E7336EC72426CAAF006BD884 /* Reddit PS Battles.app */;
			productType = "com.apple.product-type.application";
		};
		E7336EDC2426CAB1006BD884 /* Reddit PS BattlesTests */ = {
			isa = PBXNativeTarget;
			buildConfigurationList = E7336EF42426CAB1006BD884 /* Build configuration list for PBXNativeTarget "Reddit PS BattlesTests" */;
			buildPhases = (
				E7336ED92426CAB1006BD884 /* Sources */,
				E7336EDA2426CAB1006BD884 /* Frameworks */,
				E7336EDB2426CAB1006BD884 /* Resources */,
			);
			buildRules = (
			);
			dependencies = (
				E7336EDF2426CAB1006BD884 /* PBXTargetDependency */,
			);
			name = "Reddit PS BattlesTests";
			productName = "Reddit PS BattlesTests";
			productReference = E7336EDD2426CAB1006BD884 /* Reddit PS BattlesTests.xctest */;
			productType = "com.apple.product-type.bundle.unit-test";
		};
		E7336EE72426CAB1006BD884 /* Reddit PS BattlesUITests */ = {
			isa = PBXNativeTarget;
			buildConfigurationList = E7336EF72426CAB1006BD884 /* Build configuration list for PBXNativeTarget "Reddit PS BattlesUITests" */;
			buildPhases = (
				E7336EE42426CAB1006BD884 /* Sources */,
				E7336EE52426CAB1006BD884 /* Frameworks */,
				E7336EE62426CAB1006BD884 /* Resources */,
			);
			buildRules = (
			);
			dependencies = (
				E7336EEA2426CAB1006BD884 /* PBXTargetDependency */,
			);
			name = "Reddit PS BattlesUITests";
			productName = "Reddit PS BattlesUITests";
			productReference = E7336EE82426CAB1006BD884 /* Reddit PS BattlesUITests.xctest */;
			productType = "com.apple.product-type.bundle.ui-testing";
		};
/* End PBXNativeTarget section */

/* Begin PBXProject section */
		E7336EBF2426CAAF006BD884 /* Project object */ = {
			isa = PBXProject;
			attributes = {
				LastSwiftUpdateCheck = 1130;
				LastUpgradeCheck = 1130;
				ORGANIZATIONNAME = "DevCore Studios";
				TargetAttributes = {
					E7336EC62426CAAF006BD884 = {
						CreatedOnToolsVersion = 11.3.1;
					};
					E7336EDC2426CAB1006BD884 = {
						CreatedOnToolsVersion = 11.3.1;
						TestTargetID = E7336EC62426CAAF006BD884;
					};
					E7336EE72426CAB1006BD884 = {
						CreatedOnToolsVersion = 11.3.1;
						TestTargetID = E7336EC62426CAAF006BD884;
					};
				};
			};
			buildConfigurationList = E7336EC22426CAAF006BD884 /* Build configuration list for PBXProject "Reddit PS Battles" */;
			compatibilityVersion = "Xcode 9.3";
			developmentRegion = en;
			hasScannedForEncodings = 0;
			knownRegions = (
				en,
				Base,
			);
			mainGroup = E7336EBE2426CAAF006BD884;
			productRefGroup = E7336EC82426CAAF006BD884 /* Products */;
			projectDirPath = "";
			projectRoot = "";
			targets = (
				E7336EC62426CAAF006BD884 /* Reddit PS Battles */,
				E7336EDC2426CAB1006BD884 /* Reddit PS BattlesTests */,
				E7336EE72426CAB1006BD884 /* Reddit PS BattlesUITests */,
			);
		};
/* End PBXProject section */

/* Begin PBXResourcesBuildPhase section */
		E7336EC52426CAAF006BD884 /* Resources */ = {
			isa = PBXResourcesBuildPhase;
			buildActionMask = 2147483647;
			files = (
				E7336ED72426CAB1006BD884 /* LaunchScreen.storyboard in Resources */,
				E7336ED42426CAB1006BD884 /* Preview Assets.xcassets in Resources */,
				E7336ED12426CAB1006BD884 /* Assets.xcassets in Resources */,
			);
			runOnlyForDeploymentPostprocessing = 0;
		};
		E7336EDB2426CAB1006BD884 /* Resources */ = {
			isa = PBXResourcesBuildPhase;
			buildActionMask = 2147483647;
			files = (
			);
			runOnlyForDeploymentPostprocessing = 0;
		};
		E7336EE62426CAB1006BD884 /* Resources */ = {
			isa = PBXResourcesBuildPhase;
			buildActionMask = 2147483647;
			files = (
			);
			runOnlyForDeploymentPostprocessing = 0;
		};
/* End PBXResourcesBuildPhase section */

/* Begin PBXSourcesBuildPhase section */
		E7336EC32426CAAF006BD884 /* Sources */ = {
			isa = PBXSourcesBuildPhase;
			buildActionMask = 2147483647;
			files = (
				E7336ECB2426CAAF006BD884 /* AppDelegate.swift in Sources */,
				E7098AC9242980A50033C470 /* PostDetailView.swift in Sources */,
				E7098ACB242995BA0033C470 /* ImagePreviewerView.swift in Sources */,
				E7336ECD2426CAAF006BD884 /* SceneDelegate.swift in Sources */,
				E7336ECF2426CAAF006BD884 /* ContentView.swift in Sources */,
				E7098AC52427C4E40033C470 /* Post.swift in Sources */,
			);
			runOnlyForDeploymentPostprocessing = 0;
		};
		E7336ED92426CAB1006BD884 /* Sources */ = {
			isa = PBXSourcesBuildPhase;
			buildActionMask = 2147483647;
			files = (
				E7336EE22426CAB1006BD884 /* Reddit_PS_BattlesTests.swift in Sources */,
			);
			runOnlyForDeploymentPostprocessing = 0;
		};
		E7336EE42426CAB1006BD884 /* Sources */ = {
			isa = PBXSourcesBuildPhase;
			buildActionMask = 2147483647;
			files = (
				E7336EED2426CAB1006BD884 /* Reddit_PS_BattlesUITests.swift in Sources */,
			);
			runOnlyForDeploymentPostprocessing = 0;
		};
/* End PBXSourcesBuildPhase section */

/* Begin PBXTargetDependency section */
		E7336EDF2426CAB1006BD884 /* PBXTargetDependency */ = {
			isa = PBXTargetDependency;
			target = E7336EC62426CAAF006BD884 /* Reddit PS Battles */;
			targetProxy = E7336EDE2426CAB1006BD884 /* PBXContainerItemProxy */;
		};
		E7336EEA2426CAB1006BD884 /* PBXTargetDependency */ = {
			isa = PBXTargetDependency;
			target = E7336EC62426CAAF006BD884 /* Reddit PS Battles */;
			targetProxy = E7336EE92426CAB1006BD884 /* PBXContainerItemProxy */;
		};
/* End PBXTargetDependency section */

/* Begin PBXVariantGroup section */
		E7336ED52426CAB1006BD884 /* LaunchScreen.storyboard */ = {
			isa = PBXVariantGroup;
			children = (
				E7336ED62426CAB1006BD884 /* Base */,
			);
			name = LaunchScreen.storyboard;
			sourceTree = "<group>";
		};
/* End PBXVariantGroup section */

/* Begin XCBuildConfiguration section */
		E7336EEF2426CAB1006BD884 /* Debug */ = {
			isa = XCBuildConfiguration;
			buildSettings = {
				ALWAYS_SEARCH_USER_PATHS = NO;
				CLANG_ANALYZER_NONNULL = YES;
				CLANG_ANALYZER_NUMBER_OBJECT_CONVERSION = YES_AGGRESSIVE;
				CLANG_CXX_LANGUAGE_STANDARD = "gnu++14";
				CLANG_CXX_LIBRARY = "libc++";
				CLANG_ENABLE_MODULES = YES;
				CLANG_ENABLE_OBJC_ARC = YES;
				CLANG_ENABLE_OBJC_WEAK = YES;
				CLANG_WARN_BLOCK_CAPTURE_AUTORELEASING = YES;
				CLANG_WARN_BOOL_CONVERSION = YES;
				CLANG_WARN_COMMA = YES;
				CLANG_WARN_CONSTANT_CONVERSION = YES;
				CLANG_WARN_DEPRECATED_OBJC_IMPLEMENTATIONS = YES;
				CLANG_WARN_DIRECT_OBJC_ISA_USAGE = YES_ERROR;
				CLANG_WARN_DOCUMENTATION_COMMENTS = YES;
				CLANG_WARN_EMPTY_BODY = YES;
				CLANG_WARN_ENUM_CONVERSION = YES;
				CLANG_WARN_INFINITE_RECURSION = YES;
				CLANG_WARN_INT_CONVERSION = YES;
				CLANG_WARN_NON_LITERAL_NULL_CONVERSION = YES;
				CLANG_WARN_OBJC_IMPLICIT_RETAIN_SELF = YES;
				CLANG_WARN_OBJC_LITERAL_CONVERSION = YES;
				CLANG_WARN_OBJC_ROOT_CLASS = YES_ERROR;
				CLANG_WARN_RANGE_LOOP_ANALYSIS = YES;
				CLANG_WARN_STRICT_PROTOTYPES = YES;
				CLANG_WARN_SUSPICIOUS_MOVE = YES;
				CLANG_WARN_UNGUARDED_AVAILABILITY = YES_AGGRESSIVE;
				CLANG_WARN_UNREACHABLE_CODE = YES;
				CLANG_WARN__DUPLICATE_METHOD_MATCH = YES;
				COPY_PHASE_STRIP = NO;
				DEBUG_INFORMATION_FORMAT = dwarf;
				ENABLE_STRICT_OBJC_MSGSEND = YES;
				ENABLE_TESTABILITY = YES;
				GCC_C_LANGUAGE_STANDARD = gnu11;
				GCC_DYNAMIC_NO_PIC = NO;
				GCC_NO_COMMON_BLOCKS = YES;
				GCC_OPTIMIZATION_LEVEL = 0;
				GCC_PREPROCESSOR_DEFINITIONS = (
					"DEBUG=1",
					"$(inherited)",
				);
				GCC_WARN_64_TO_32_BIT_CONVERSION = YES;
				GCC_WARN_ABOUT_RETURN_TYPE = YES_ERROR;
				GCC_WARN_UNDECLARED_SELECTOR = YES;
				GCC_WARN_UNINITIALIZED_AUTOS = YES_AGGRESSIVE;
				GCC_WARN_UNUSED_FUNCTION = YES;
				GCC_WARN_UNUSED_VARIABLE = YES;
				IPHONEOS_DEPLOYMENT_TARGET = 13.2;
				MTL_ENABLE_DEBUG_INFO = INCLUDE_SOURCE;
				MTL_FAST_MATH = YES;
				ONLY_ACTIVE_ARCH = YES;
				SDKROOT = iphoneos;
				SWIFT_ACTIVE_COMPILATION_CONDITIONS = DEBUG;
				SWIFT_OPTIMIZATION_LEVEL = "-Onone";
			};
			name = Debug;
		};
		E7336EF02426CAB1006BD884 /* Release */ = {
			isa = XCBuildConfiguration;
			buildSettings = {
				ALWAYS_SEARCH_USER_PATHS = NO;
				CLANG_ANALYZER_NONNULL = YES;
				CLANG_ANALYZER_NUMBER_OBJECT_CONVERSION = YES_AGGRESSIVE;
				CLANG_CXX_LANGUAGE_STANDARD = "gnu++14";
				CLANG_CXX_LIBRARY = "libc++";
				CLANG_ENABLE_MODULES = YES;
				CLANG_ENABLE_OBJC_ARC = YES;
				CLANG_ENABLE_OBJC_WEAK = YES;
				CLANG_WARN_BLOCK_CAPTURE_AUTORELEASING = YES;
				CLANG_WARN_BOOL_CONVERSION = YES;
				CLANG_WARN_COMMA = YES;
				CLANG_WARN_CONSTANT_CONVERSION = YES;
				CLANG_WARN_DEPRECATED_OBJC_IMPLEMENTATIONS = YES;
				CLANG_WARN_DIRECT_OBJC_ISA_USAGE = YES_ERROR;
				CLANG_WARN_DOCUMENTATION_COMMENTS = YES;
				CLANG_WARN_EMPTY_BODY = YES;
				CLANG_WARN_ENUM_CONVERSION = YES;
				CLANG_WARN_INFINITE_RECURSION = YES;
				CLANG_WARN_INT_CONVERSION = YES;
				CLANG_WARN_NON_LITERAL_NULL_CONVERSION = YES;
				CLANG_WARN_OBJC_IMPLICIT_RETAIN_SELF = YES;
				CLANG_WARN_OBJC_LITERAL_CONVERSION = YES;
				CLANG_WARN_OBJC_ROOT_CLASS = YES_ERROR;
				CLANG_WARN_RANGE_LOOP_ANALYSIS = YES;
				CLANG_WARN_STRICT_PROTOTYPES = YES;
				CLANG_WARN_SUSPICIOUS_MOVE = YES;
				CLANG_WARN_UNGUARDED_AVAILABILITY = YES_AGGRESSIVE;
				CLANG_WARN_UNREACHABLE_CODE = YES;
				CLANG_WARN__DUPLICATE_METHOD_MATCH = YES;
				COPY_PHASE_STRIP = NO;
				DEBUG_INFORMATION_FORMAT = "dwarf-with-dsym";
				ENABLE_NS_ASSERTIONS = NO;
				ENABLE_STRICT_OBJC_MSGSEND = YES;
				GCC_C_LANGUAGE_STANDARD = gnu11;
				GCC_NO_COMMON_BLOCKS = YES;
				GCC_WARN_64_TO_32_BIT_CONVERSION = YES;
				GCC_WARN_ABOUT_RETURN_TYPE = YES_ERROR;
				GCC_WARN_UNDECLARED_SELECTOR = YES;
				GCC_WARN_UNINITIALIZED_AUTOS = YES_AGGRESSIVE;
				GCC_WARN_UNUSED_FUNCTION = YES;
				GCC_WARN_UNUSED_VARIABLE = YES;
				IPHONEOS_DEPLOYMENT_TARGET = 13.2;
				MTL_ENABLE_DEBUG_INFO = NO;
				MTL_FAST_MATH = YES;
				SDKROOT = iphoneos;
				SWIFT_COMPILATION_MODE = wholemodule;
				SWIFT_OPTIMIZATION_LEVEL = "-O";
				VALIDATE_PRODUCT = YES;
			};
			name = Release;
		};
		E7336EF22426CAB1006BD884 /* Debug */ = {
			isa = XCBuildConfiguration;
			buildSettings = {
				ASSETCATALOG_COMPILER_APPICON_NAME = AppIcon;
				CODE_SIGN_STYLE = Automatic;
				DEVELOPMENT_ASSET_PATHS = "\"Reddit PS Battles/Preview Content\"";
				DEVELOPMENT_TEAM = 5QF2CE95QR;
				ENABLE_PREVIEWS = YES;
				INFOPLIST_FILE = "Reddit PS Battles/Info.plist";
				LD_RUNPATH_SEARCH_PATHS = (
					"$(inherited)",
					"@executable_path/Frameworks",
				);
				PRODUCT_BUNDLE_IDENTIFIER = "com.shane.devcore.Reddit-PS-Battles";
				PRODUCT_NAME = "$(TARGET_NAME)";
				SWIFT_VERSION = 5.0;
				TARGETED_DEVICE_FAMILY = "1,2";
			};
			name = Debug;
		};
		E7336EF32426CAB1006BD884 /* Release */ = {
			isa = XCBuildConfiguration;
			buildSettings = {
				ASSETCATALOG_COMPILER_APPICON_NAME = AppIcon;
				CODE_SIGN_STYLE = Automatic;
				DEVELOPMENT_ASSET_PATHS = "\"Reddit PS Battles/Preview Content\"";
				DEVELOPMENT_TEAM = 5QF2CE95QR;
				ENABLE_PREVIEWS = YES;
				INFOPLIST_FILE = "Reddit PS Battles/Info.plist";
				LD_RUNPATH_SEARCH_PATHS = (
					"$(inherited)",
					"@executable_path/Frameworks",
				);
				PRODUCT_BUNDLE_IDENTIFIER = "com.shane.devcore.Reddit-PS-Battles";
				PRODUCT_NAME = "$(TARGET_NAME)";
				SWIFT_VERSION = 5.0;
				TARGETED_DEVICE_FAMILY = "1,2";
			};
			name = Release;
		};
		E7336EF52426CAB1006BD884 /* Debug */ = {
			isa = XCBuildConfiguration;
			buildSettings = {
				ALWAYS_EMBED_SWIFT_STANDARD_LIBRARIES = YES;
				BUNDLE_LOADER = "$(TEST_HOST)";
				CODE_SIGN_STYLE = Automatic;
				DEVELOPMENT_TEAM = 5QF2CE95QR;
				INFOPLIST_FILE = "Reddit PS BattlesTests/Info.plist";
				IPHONEOS_DEPLOYMENT_TARGET = 13.2;
				LD_RUNPATH_SEARCH_PATHS = (
					"$(inherited)",
					"@executable_path/Frameworks",
					"@loader_path/Frameworks",
				);
				PRODUCT_BUNDLE_IDENTIFIER = "com.shane.devcore.Reddit-PS-BattlesTests";
				PRODUCT_NAME = "$(TARGET_NAME)";
				SWIFT_VERSION = 5.0;
				TARGETED_DEVICE_FAMILY = "1,2";
				TEST_HOST = "$(BUILT_PRODUCTS_DIR)/Reddit PS Battles.app/Reddit PS Battles";
			};
			name = Debug;
		};
		E7336EF62426CAB1006BD884 /* Release */ = {
			isa = XCBuildConfiguration;
			buildSettings = {
				ALWAYS_EMBED_SWIFT_STANDARD_LIBRARIES = YES;
				BUNDLE_LOADER = "$(TEST_HOST)";
				CODE_SIGN_STYLE = Automatic;
				DEVELOPMENT_TEAM = 5QF2CE95QR;
				INFOPLIST_FILE = "Reddit PS BattlesTests/Info.plist";
				IPHONEOS_DEPLOYMENT_TARGET = 13.2;
				LD_RUNPATH_SEARCH_PATHS = (
					"$(inherited)",
					"@executable_path/Frameworks",
					"@loader_path/Frameworks",
				);
				PRODUCT_BUNDLE_IDENTIFIER = "com.shane.devcore.Reddit-PS-BattlesTests";
				PRODUCT_NAME = "$(TARGET_NAME)";
				SWIFT_VERSION = 5.0;
				TARGETED_DEVICE_FAMILY = "1,2";
				TEST_HOST = "$(BUILT_PRODUCTS_DIR)/Reddit PS Battles.app/Reddit PS Battles";
			};
			name = Release;
		};
		E7336EF82426CAB1006BD884 /* Debug */ = {
			isa = XCBuildConfiguration;
			buildSettings = {
				ALWAYS_EMBED_SWIFT_STANDARD_LIBRARIES = YES;
				CODE_SIGN_STYLE = Automatic;
				DEVELOPMENT_TEAM = 5QF2CE95QR;
				INFOPLIST_FILE = "Reddit PS BattlesUITests/Info.plist";
				LD_RUNPATH_SEARCH_PATHS = (
					"$(inherited)",
					"@executable_path/Frameworks",
					"@loader_path/Frameworks",
				);
				PRODUCT_BUNDLE_IDENTIFIER = "com.shane.devcore.Reddit-PS-BattlesUITests";
				PRODUCT_NAME = "$(TARGET_NAME)";
				SWIFT_VERSION = 5.0;
				TARGETED_DEVICE_FAMILY = "1,2";
				TEST_TARGET_NAME = "Reddit PS Battles";
			};
			name = Debug;
		};
		E7336EF92426CAB1006BD884 /* Release */ = {
			isa = XCBuildConfiguration;
			buildSettings = {
				ALWAYS_EMBED_SWIFT_STANDARD_LIBRARIES = YES;
				CODE_SIGN_STYLE = Automatic;
				DEVELOPMENT_TEAM = 5QF2CE95QR;
				INFOPLIST_FILE = "Reddit PS BattlesUITests/Info.plist";
				LD_RUNPATH_SEARCH_PATHS = (
					"$(inherited)",
					"@executable_path/Frameworks",
					"@loader_path/Frameworks",
				);
				PRODUCT_BUNDLE_IDENTIFIER = "com.shane.devcore.Reddit-PS-BattlesUITests";
				PRODUCT_NAME = "$(TARGET_NAME)";
				SWIFT_VERSION = 5.0;
				TARGETED_DEVICE_FAMILY = "1,2";
				TEST_TARGET_NAME = "Reddit PS Battles";
			};
			name = Release;
		};
/* End XCBuildConfiguration section */

/* Begin XCConfigurationList section */
		E7336EC22426CAAF006BD884 /* Build configuration list for PBXProject "Reddit PS Battles" */ = {
			isa = XCConfigurationList;
			buildConfigurations = (
				E7336EEF2426CAB1006BD884 /* Debug */,
				E7336EF02426CAB1006BD884 /* Release */,
			);
			defaultConfigurationIsVisible = 0;
			defaultConfigurationName = Release;
		};
		E7336EF12426CAB1006BD884 /* Build configuration list for PBXNativeTarget "Reddit PS Battles" */ = {
			isa = XCConfigurationList;
			buildConfigurations = (
				E7336EF22426CAB1006BD884 /* Debug */,
				E7336EF32426CAB1006BD884 /* Release */,
			);
			defaultConfigurationIsVisible = 0;
			defaultConfigurationName = Release;
		};
		E7336EF42426CAB1006BD884 /* Build configuration list for PBXNativeTarget "Reddit PS BattlesTests" */ = {
			isa = XCConfigurationList;
			buildConfigurations = (
				E7336EF52426CAB1006BD884 /* Debug */,
				E7336EF62426CAB1006BD884 /* Release */,
			);
			defaultConfigurationIsVisible = 0;
			defaultConfigurationName = Release;
		};
		E7336EF72426CAB1006BD884 /* Build configuration list for PBXNativeTarget "Reddit PS BattlesUITests" */ = {
			isa = XCConfigurationList;
			buildConfigurations = (
				E7336EF82426CAB1006BD884 /* Debug */,
				E7336EF92426CAB1006BD884 /* Release */,
			);
			defaultConfigurationIsVisible = 0;
			defaultConfigurationName = Release;
		};
/* End XCConfigurationList section */
	};
	rootObject = E7336EBF2426CAAF006BD884 /* Project object */;
}
